// !$*UTF8*$!
{
	archiveVersion = 1;
	classes = {
	};
	objectVersion = 46;
	objects = {

/* Begin PBXBuildFile section */
		65566EFC1CBBA3D900452437 /* AppDelegate.swift in Sources */ = {isa = PBXBuildFile; fileRef = 65566EFB1CBBA3D900452437 /* AppDelegate.swift */; };
		65566EFE1CBBA3D900452437 /* ViewController.swift in Sources */ = {isa = PBXBuildFile; fileRef = 65566EFD1CBBA3D900452437 /* ViewController.swift */; };
		65566F011CBBA3D900452437 /* Main.storyboard in Resources */ = {isa = PBXBuildFile; fileRef = 65566EFF1CBBA3D900452437 /* Main.storyboard */; };
		65566F061CBBA3D900452437 /* LaunchScreen.storyboard in Resources */ = {isa = PBXBuildFile; fileRef = 65566F041CBBA3D900452437 /* LaunchScreen.storyboard */; };
		65566F0E1CBBA3E300452437 /* DirectedPinchGestureRecognizer.swift in Sources */ = {isa = PBXBuildFile; fileRef = 65566F0D1CBBA3E300452437 /* DirectedPinchGestureRecognizer.swift */; };
/* End PBXBuildFile section */

/* Begin PBXFileReference section */
		65566EF81CBBA3D800452437 /* DirectedPinchDemo.app */ = {isa = PBXFileReference; explicitFileType = wrapper.application; includeInIndex = 0; path = DirectedPinchDemo.app; sourceTree = BUILT_PRODUCTS_DIR; };
		65566EFB1CBBA3D900452437 /* AppDelegate.swift */ = {isa = PBXFileReference; lastKnownFileType = sourcecode.swift; path = AppDelegate.swift; sourceTree = "<group>"; };
		65566EFD1CBBA3D900452437 /* ViewController.swift */ = {isa = PBXFileReference; lastKnownFileType = sourcecode.swift; path = ViewController.swift; sourceTree = "<group>"; };
		65566F001CBBA3D900452437 /* Base */ = {isa = PBXFileReference; lastKnownFileType = file.storyboard; name = Base; path = Base.lproj/Main.storyboard; sourceTree = "<group>"; };
		65566F051CBBA3D900452437 /* Base */ = {isa = PBXFileReference; lastKnownFileType = file.storyboard; name = Base; path = Base.lproj/LaunchScreen.storyboard; sourceTree = "<group>"; };
		65566F071CBBA3D900452437 /* Info.plist */ = {isa = PBXFileReference; lastKnownFileType = text.plist.xml; path = Info.plist; sourceTree = "<group>"; };
		65566F0D1CBBA3E300452437 /* DirectedPinchGestureRecognizer.swift */ = {isa = PBXFileReference; fileEncoding = 4; lastKnownFileType = sourcecode.swift; name = DirectedPinchGestureRecognizer.swift; path = ../../DirectedPinchGestureRecognizer.swift; sourceTree = "<group>"; };
/* End PBXFileReference section */

/* Begin PBXFrameworksBuildPhase section */
		65566EF51CBBA3D800452437 /* Frameworks */ = {
			isa = PBXFrameworksBuildPhase;
			buildActionMask = 2147483647;
			files = (
			);
			runOnlyForDeploymentPostprocessing = 0;
		};
/* End PBXFrameworksBuildPhase section */

/* Begin PBXGroup section */
		65566EEF1CBBA3D800452437 = {
			isa = PBXGroup;
			children = (
				65566EFA1CBBA3D900452437 /* DirectedPinchDemo */,
				65566EF91CBBA3D800452437 /* Products */,
			);
			sourceTree = "<group>";
		};
		65566EF91CBBA3D800452437 /* Products */ = {
			isa = PBXGroup;
			children = (
				65566EF81CBBA3D800452437 /* DirectedPinchDemo.app */,
			);
			name = Products;
			sourceTree = "<group>";
		};
		65566EFA1CBBA3D900452437 /* DirectedPinchDemo */ = {
			isa = PBXGroup;
			children = (
				65566EFB1CBBA3D900452437 /* AppDelegate.swift */,
				65566EFD1CBBA3D900452437 /* ViewController.swift */,
				65566F0D1CBBA3E300452437 /* DirectedPinchGestureRecognizer.swift */,
				65566EFF1CBBA3D900452437 /* Main.storyboard */,
				65566F041CBBA3D900452437 /* LaunchScreen.storyboard */,
				65566F071CBBA3D900452437 /* Info.plist */,
			);
			path = DirectedPinchDemo;
			sourceTree = "<group>";
		};
/* End PBXGroup section */

/* Begin PBXNativeTarget section */
		65566EF71CBBA3D800452437 /* DirectedPinchDemo */ = {
			isa = PBXNativeTarget;
			buildConfigurationList = 65566F0A1CBBA3D900452437 /* Build configuration list for PBXNativeTarget "DirectedPinchDemo" */;
			buildPhases = (
				65566EF41CBBA3D800452437 /* Sources */,
				65566EF51CBBA3D800452437 /* Frameworks */,
				65566EF61CBBA3D800452437 /* Resources */,
			);
			buildRules = (
			);
			dependencies = (
			);
			name = DirectedPinchDemo;
			productName = DirectedPinchDemo;
			productReference = 65566EF81CBBA3D800452437 /* DirectedPinchDemo.app */;
			productType = "com.apple.product-type.application";
		};
/* End PBXNativeTarget section */

/* Begin PBXProject section */
		65566EF01CBBA3D800452437 /* Project object */ = {
			isa = PBXProject;
			attributes = {
				LastSwiftUpdateCheck = 0720;
				LastUpgradeCheck = 0720;
				ORGANIZATIONNAME = "Daniel Clelland";
				TargetAttributes = {
					65566EF71CBBA3D800452437 = {
						CreatedOnToolsVersion = 7.2;
					};
				};
			};
			buildConfigurationList = 65566EF31CBBA3D800452437 /* Build configuration list for PBXProject "DirectedPinchDemo" */;
			compatibilityVersion = "Xcode 3.2";
			developmentRegion = English;
			hasScannedForEncodings = 0;
			knownRegions = (
				en,
				Base,
			);
			mainGroup = 65566EEF1CBBA3D800452437;
			productRefGroup = 65566EF91CBBA3D800452437 /* Products */;
			projectDirPath = "";
			projectRoot = "";
			targets = (
				65566EF71CBBA3D800452437 /* DirectedPinchDemo */,
			);
		};
/* End PBXProject section */

/* Begin PBXResourcesBuildPhase section */
		65566EF61CBBA3D800452437 /* Resources */ = {
			isa = PBXResourcesBuildPhase;
			buildActionMask = 2147483647;
			files = (
				65566F061CBBA3D900452437 /* LaunchScreen.storyboard in Resources */,
				65566F011CBBA3D900452437 /* Main.storyboard in Resources */,
			);
			runOnlyForDeploymentPostprocessing = 0;
		};
/* End PBXResourcesBuildPhase section */

/* Begin PBXSourcesBuildPhase section */
		65566EF41CBBA3D800452437 /* Sources */ = {
			isa = PBXSourcesBuildPhase;
			buildActionMask = 2147483647;
			files = (
				65566EFE1CBBA3D900452437 /* ViewController.swift in Sources */,
				65566EFC1CBBA3D900452437 /* AppDelegate.swift in Sources */,
				65566F0E1CBBA3E300452437 /* DirectedPinchGestureRecognizer.swift in Sources */,
			);
			runOnlyForDeploymentPostprocessing = 0;
		};
/* End PBXSourcesBuildPhase section */

/* Begin PBXVariantGroup section */
		65566EFF1CBBA3D900452437 /* Main.storyboard */ = {
			isa = PBXVariantGroup;
			children = (
				65566F001CBBA3D900452437 /* Base */,
			);
			name = Main.storyboard;
			sourceTree = "<group>";
		};
		65566F041CBBA3D900452437 /* LaunchScreen.storyboard */ = {
			isa = PBXVariantGroup;
			children = (
				65566F051CBBA3D900452437 /* Base */,
			);
			name = LaunchScreen.storyboard;
			sourceTree = "<group>";
		};
/* End PBXVariantGroup section */

/* Begin XCBuildConfiguration section */
		65566F081CBBA3D900452437 /* Debug */ = {
			isa = XCBuildConfiguration;
			buildSettings = {
				ALWAYS_SEARCH_USER_PATHS = NO;
				CLANG_CXX_LANGUAGE_STANDARD = "gnu++0x";
				CLANG_CXX_LIBRARY = "libc++";
				CLANG_ENABLE_MODULES = YES;
				CLANG_ENABLE_OBJC_ARC = YES;
				CLANG_WARN_BOOL_CONVERSION = YES;
				CLANG_WARN_CONSTANT_CONVERSION = YES;
				CLANG_WARN_DIRECT_OBJC_ISA_USAGE = YES_ERROR;
				CLANG_WARN_EMPTY_BODY = YES;
				CLANG_WARN_ENUM_CONVERSION = YES;
				CLANG_WARN_INT_CONVERSION = YES;
				CLANG_WARN_OBJC_ROOT_CLASS = YES_ERROR;
				CLANG_WARN_UNREACHABLE_CODE = YES;
				CLANG_WARN__DUPLICATE_METHOD_MATCH = YES;
				"CODE_SIGN_IDENTITY[sdk=iphoneos*]" = "iPhone Developer";
				COPY_PHASE_STRIP = NO;
				DEBUG_INFORMATION_FORMAT = dwarf;
				ENABLE_STRICT_OBJC_MSGSEND = YES;
				ENABLE_TESTABILITY = YES;
				GCC_C_LANGUAGE_STANDARD = gnu99;
				GCC_DYNAMIC_NO_PIC = NO;
				GCC_NO_COMMON_BLOCKS = YES;
				GCC_OPTIMIZATION_LEVEL = 0;
				GCC_PREPROCESSOR_DEFINITIONS = (
					"DEBUG=1",
					"$(inherited)",
				);
				GCC_WARN_64_TO_32_BIT_CONVERSION = YES;
				GCC_WARN_ABOUT_RETURN_TYPE = YES_ERROR;
				GCC_WARN_UNDECLARED_SELECTOR = YES;
				GCC_WARN_UNINITIALIZED_AUTOS = YES_AGGRESSIVE;
				GCC_WARN_UNUSED_FUNCTION = YES;
				GCC_WARN_UNUSED_VARIABLE = YES;
				IPHONEOS_DEPLOYMENT_TARGET = 9.2;
				MTL_ENABLE_DEBUG_INFO = YES;
				ONLY_ACTIVE_ARCH = YES;
				SDKROOT = iphoneos;
				SWIFT_OPTIMIZATION_LEVEL = "-Onone";
			};
			name = Debug;
		};
		65566F091CBBA3D900452437 /* Release */ = {
			isa = XCBuildConfiguration;
			buildSettings = {
				ALWAYS_SEARCH_USER_PATHS = NO;
				CLANG_CXX_LANGUAGE_STANDARD = "gnu++0x";
				CLANG_CXX_LIBRARY = "libc++";
				CLANG_ENABLE_MODULES = YES;
				CLANG_ENABLE_OBJC_ARC = YES;
				CLANG_WARN_BOOL_CONVERSION = YES;
				CLANG_WARN_CONSTANT_CONVERSION = YES;
				CLANG_WARN_DIRECT_OBJC_ISA_USAGE = YES_ERROR;
				CLANG_WARN_EMPTY_BODY = YES;
				CLANG_WARN_ENUM_CONVERSION = YES;
				CLANG_WARN_INT_CONVERSION = YES;
				CLANG_WARN_OBJC_ROOT_CLASS = YES_ERROR;
				CLANG_WARN_UNREACHABLE_CODE = YES;
				CLANG_WARN__DUPLICATE_METHOD_MATCH = YES;
				"CODE_SIGN_IDENTITY[sdk=iphoneos*]" = "iPhone Developer";
				COPY_PHASE_STRIP = NO;
				DEBUG_INFORMATION_FORMAT = "dwarf-with-dsym";
				ENABLE_NS_ASSERTIONS = NO;
				ENABLE_STRICT_OBJC_MSGSEND = YES;
				GCC_C_LANGUAGE_STANDARD = gnu99;
				GCC_NO_COMMON_BLOCKS = YES;
				GCC_WARN_64_TO_32_BIT_CONVERSION = YES;
				GCC_WARN_ABOUT_RETURN_TYPE = YES_ERROR;
				GCC_WARN_UNDECLARED_SELECTOR = YES;
				GCC_WARN_UNINITIALIZED_AUTOS = YES_AGGRESSIVE;
				GCC_WARN_UNUSED_FUNCTION = YES;
				GCC_WARN_UNUSED_VARIABLE = YES;
				IPHONEOS_DEPLOYMENT_TARGET = 9.2;
				MTL_ENABLE_DEBUG_INFO = NO;
				SDKROOT = iphoneos;
				VALIDATE_PRODUCT = YES;
			};
			name = Release;
		};
		65566F0B1CBBA3D900452437 /* Debug */ = {
			isa = XCBuildConfiguration;
			buildSettings = {
				INFOPLIST_FILE = DirectedPinchDemo/Info.plist;
				LD_RUNPATH_SEARCH_PATHS = "$(inherited) @executable_path/Frameworks";
				PRODUCT_BUNDLE_IDENTIFIER = com.protonome.DirectedPinchDemo;
				PRODUCT_NAME = "$(TARGET_NAME)";
			};
			name = Debug;
		};
		65566F0C1CBBA3D900452437 /* Release */ = {
			isa = XCBuildConfiguration;
			buildSettings = {
				INFOPLIST_FILE = DirectedPinchDemo/Info.plist;
				LD_RUNPATH_SEARCH_PATHS = "$(inherited) @executable_path/Frameworks";
				PRODUCT_BUNDLE_IDENTIFIER = com.protonome.DirectedPinchDemo;
				PRODUCT_NAME = "$(TARGET_NAME)";
			};
			name = Release;
		};
/* End XCBuildConfiguration section */

/* Begin XCConfigurationList section */
		65566EF31CBBA3D800452437 /* Build configuration list for PBXProject "DirectedPinchDemo" */ = {
			isa = XCConfigurationList;
			buildConfigurations = (
				65566F081CBBA3D900452437 /* Debug */,
				65566F091CBBA3D900452437 /* Release */,
			);
			defaultConfigurationIsVisible = 0;
			defaultConfigurationName = Release;
		};
		65566F0A1CBBA3D900452437 /* Build configuration list for PBXNativeTarget "DirectedPinchDemo" */ = {
			isa = XCConfigurationList;
			buildConfigurations = (
				65566F0B1CBBA3D900452437 /* Debug */,
				65566F0C1CBBA3D900452437 /* Release */,
			);
			defaultConfigurationIsVisible = 0;
		};
/* End XCConfigurationList section */
	};
	rootObject = 65566EF01CBBA3D800452437 /* Project object */;
}
